
Microsoft Visual Studio Solution File, Format Version 12.00
# Visual Studio Version 17
VisualStudioVersion = 17.2.32630.192
MinimumVisualStudioVersion = 10.0.40219.1
Project("{FAE04EC0-301F-11D3-BF4B-00C04F79EFBC}") = "Automix", "Automix\Automix.csproj", "{EB0D581A-7578-4510-A568-1C3B35697E90}"
EndProject
Global
	GlobalSection(SolutionConfigurationPlatforms) = preSolution
		Debug|Any CPU = Debug|Any CPU
		Release|Any CPU = Release|Any CPU
	EndGlobalSection
	GlobalSection(ProjectConfigurationPlatforms) = postSolution
		{EB0D581A-7578-4510-A568-1C3B35697E90}.Debug|Any CPU.ActiveCfg = Debug|Any CPU
		{EB0D581A-7578-4510-A568-1C3B35697E90}.Debug|Any CPU.Build.0 = Debug|Any CPU
		{EB0D581A-7578-4510-A568-1C3B35697E90}.Release|Any CPU.ActiveCfg = Release|Any CPU
		{EB0D581A-7578-4510-A568-1C3B35697E90}.Release|Any CPU.Build.0 = Release|Any CPU
	EndGlobalSection
	GlobalSection(SolutionProperties) = preSolution
		HideSolutionNode = FALSE
	EndGlobalSection
	GlobalSection(ExtensibilityGlobals) = postSolution
		SolutionGuid = {B295E201-A1BB-40A7-B0CB-5E8DDD16B3D6}
	EndGlobalSection
EndGlobal
